// !$*UTF8*$!
{
	archiveVersion = 1;
	classes = {
	};
	objectVersion = 56;
	objects = {

/* Begin PBXBuildFile section */
		820ED6F62BD4C65500BAE57A /* MemoTableViewController.swift in Sources */ = {isa = PBXBuildFile; fileRef = 820ED6F52BD4C65500BAE57A /* MemoTableViewController.swift */; };
		820ED6FA2BD4D52C00BAE57A /* MemoViewController.swift in Sources */ = {isa = PBXBuildFile; fileRef = 820ED6F92BD4D52C00BAE57A /* MemoViewController.swift */; };
		820ED6FC2BD4D57C00BAE57A /* SettingsViewController.swift in Sources */ = {isa = PBXBuildFile; fileRef = 820ED6FB2BD4D57C00BAE57A /* SettingsViewController.swift */; };
		829837C52BD60E0C0019D586 /* DateViewController.swift in Sources */ = {isa = PBXBuildFile; fileRef = 829837C42BD60E0C0019D586 /* DateViewController.swift */; };
		82D992472BD21A9B001F4405 /* AppDelegate.swift in Sources */ = {isa = PBXBuildFile; fileRef = 82D992462BD21A9B001F4405 /* AppDelegate.swift */; };
		82D992492BD21A9B001F4405 /* SceneDelegate.swift in Sources */ = {isa = PBXBuildFile; fileRef = 82D992482BD21A9B001F4405 /* SceneDelegate.swift */; };
		82D9924B2BD21A9B001F4405 /* ViewController.swift in Sources */ = {isa = PBXBuildFile; fileRef = 82D9924A2BD21A9B001F4405 /* ViewController.swift */; };
		82D9924E2BD21A9B001F4405 /* Main.storyboard in Resources */ = {isa = PBXBuildFile; fileRef = 82D9924C2BD21A9B001F4405 /* Main.storyboard */; };
		82D992512BD21A9B001F4405 /* MemoProjectSwift.xcdatamodeld in Sources */ = {isa = PBXBuildFile; fileRef = 82D9924F2BD21A9B001F4405 /* MemoProjectSwift.xcdatamodeld */; };
		82D992532BD21A9C001F4405 /* Assets.xcassets in Resources */ = {isa = PBXBuildFile; fileRef = 82D992522BD21A9C001F4405 /* Assets.xcassets */; };
		82D992562BD21A9C001F4405 /* LaunchScreen.storyboard in Resources */ = {isa = PBXBuildFile; fileRef = 82D992542BD21A9C001F4405 /* LaunchScreen.storyboard */; };
		82D992612BD21A9C001F4405 /* MemoProjectSwiftTests.swift in Sources */ = {isa = PBXBuildFile; fileRef = 82D992602BD21A9C001F4405 /* MemoProjectSwiftTests.swift */; };
		82D9926B2BD21A9C001F4405 /* MemoProjectSwiftUITests.swift in Sources */ = {isa = PBXBuildFile; fileRef = 82D9926A2BD21A9C001F4405 /* MemoProjectSwiftUITests.swift */; };
		82D9926D2BD21A9C001F4405 /* MemoProjectSwiftUITestsLaunchTests.swift in Sources */ = {isa = PBXBuildFile; fileRef = 82D9926C2BD21A9C001F4405 /* MemoProjectSwiftUITestsLaunchTests.swift */; };
/* End PBXBuildFile section */

/* Begin PBXContainerItemProxy section */
		82D9925D2BD21A9C001F4405 /* PBXContainerItemProxy */ = {
			isa = PBXContainerItemProxy;
			containerPortal = 82D9923B2BD21A9B001F4405 /* Project object */;
			proxyType = 1;
			remoteGlobalIDString = 82D992422BD21A9B001F4405;
			remoteInfo = MemoProjectSwift;
		};
		82D992672BD21A9C001F4405 /* PBXContainerItemProxy */ = {
			isa = PBXContainerItemProxy;
			containerPortal = 82D9923B2BD21A9B001F4405 /* Project object */;
			proxyType = 1;
			remoteGlobalIDString = 82D992422BD21A9B001F4405;
			remoteInfo = MemoProjectSwift;
		};
/* End PBXContainerItemProxy section */

/* Begin PBXFileReference section */
		820ED6F52BD4C65500BAE57A /* MemoTableViewController.swift */ = {isa = PBXFileReference; lastKnownFileType = sourcecode.swift; path = MemoTableViewController.swift; sourceTree = "<group>"; };
		820ED6F92BD4D52C00BAE57A /* MemoViewController.swift */ = {isa = PBXFileReference; lastKnownFileType = sourcecode.swift; path = MemoViewController.swift; sourceTree = "<group>"; };
		820ED6FB2BD4D57C00BAE57A /* SettingsViewController.swift */ = {isa = PBXFileReference; lastKnownFileType = sourcecode.swift; path = SettingsViewController.swift; sourceTree = "<group>"; };
		829837C42BD60E0C0019D586 /* DateViewController.swift */ = {isa = PBXFileReference; lastKnownFileType = sourcecode.swift; path = DateViewController.swift; sourceTree = "<group>"; };
		82D992432BD21A9B001F4405 /* MemoProjectSwift.app */ = {isa = PBXFileReference; explicitFileType = wrapper.application; includeInIndex = 0; path = MemoProjectSwift.app; sourceTree = BUILT_PRODUCTS_DIR; };
		82D992462BD21A9B001F4405 /* AppDelegate.swift */ = {isa = PBXFileReference; lastKnownFileType = sourcecode.swift; path = AppDelegate.swift; sourceTree = "<group>"; };
		82D992482BD21A9B001F4405 /* SceneDelegate.swift */ = {isa = PBXFileReference; lastKnownFileType = sourcecode.swift; path = SceneDelegate.swift; sourceTree = "<group>"; };
		82D9924A2BD21A9B001F4405 /* ViewController.swift */ = {isa = PBXFileReference; lastKnownFileType = sourcecode.swift; path = ViewController.swift; sourceTree = "<group>"; };
		82D9924D2BD21A9B001F4405 /* Base */ = {isa = PBXFileReference; lastKnownFileType = file.storyboard; name = Base; path = Base.lproj/Main.storyboard; sourceTree = "<group>"; };
		82D992502BD21A9B001F4405 /* MemoProjectSwift.xcdatamodel */ = {isa = PBXFileReference; lastKnownFileType = wrapper.xcdatamodel; path = MemoProjectSwift.xcdatamodel; sourceTree = "<group>"; };
		82D992522BD21A9C001F4405 /* Assets.xcassets */ = {isa = PBXFileReference; lastKnownFileType = folder.assetcatalog; path = Assets.xcassets; sourceTree = "<group>"; };
		82D992552BD21A9C001F4405 /* Base */ = {isa = PBXFileReference; lastKnownFileType = file.storyboard; name = Base; path = Base.lproj/LaunchScreen.storyboard; sourceTree = "<group>"; };
		82D992572BD21A9C001F4405 /* Info.plist */ = {isa = PBXFileReference; lastKnownFileType = text.plist.xml; path = Info.plist; sourceTree = "<group>"; };
		82D9925C2BD21A9C001F4405 /* MemoProjectSwiftTests.xctest */ = {isa = PBXFileReference; explicitFileType = wrapper.cfbundle; includeInIndex = 0; path = MemoProjectSwiftTests.xctest; sourceTree = BUILT_PRODUCTS_DIR; };
		82D992602BD21A9C001F4405 /* MemoProjectSwiftTests.swift */ = {isa = PBXFileReference; lastKnownFileType = sourcecode.swift; path = MemoProjectSwiftTests.swift; sourceTree = "<group>"; };
		82D992662BD21A9C001F4405 /* MemoProjectSwiftUITests.xctest */ = {isa = PBXFileReference; explicitFileType = wrapper.cfbundle; includeInIndex = 0; path = MemoProjectSwiftUITests.xctest; sourceTree = BUILT_PRODUCTS_DIR; };
		82D9926A2BD21A9C001F4405 /* MemoProjectSwiftUITests.swift */ = {isa = PBXFileReference; lastKnownFileType = sourcecode.swift; path = MemoProjectSwiftUITests.swift; sourceTree = "<group>"; };
		82D9926C2BD21A9C001F4405 /* MemoProjectSwiftUITestsLaunchTests.swift */ = {isa = PBXFileReference; lastKnownFileType = sourcecode.swift; path = MemoProjectSwiftUITestsLaunchTests.swift; sourceTree = "<group>"; };
/* End PBXFileReference section */

/* Begin PBXFrameworksBuildPhase section */
		82D992402BD21A9B001F4405 /* Frameworks */ = {
			isa = PBXFrameworksBuildPhase;
			buildActionMask = 2147483647;
			files = (
			);
			runOnlyForDeploymentPostprocessing = 0;
		};
		82D992592BD21A9C001F4405 /* Frameworks */ = {
			isa = PBXFrameworksBuildPhase;
			buildActionMask = 2147483647;
			files = (
			);
			runOnlyForDeploymentPostprocessing = 0;
		};
		82D992632BD21A9C001F4405 /* Frameworks */ = {
			isa = PBXFrameworksBuildPhase;
			buildActionMask = 2147483647;
			files = (
			);
			runOnlyForDeploymentPostprocessing = 0;
		};
/* End PBXFrameworksBuildPhase section */

/* Begin PBXGroup section */
		82D9923A2BD21A9B001F4405 = {
			isa = PBXGroup;
			children = (
				82D992452BD21A9B001F4405 /* MemoProjectSwift */,
				82D9925F2BD21A9C001F4405 /* MemoProjectSwiftTests */,
				82D992692BD21A9C001F4405 /* MemoProjectSwiftUITests */,
				82D992442BD21A9B001F4405 /* Products */,
			);
			sourceTree = "<group>";
		};
		82D992442BD21A9B001F4405 /* Products */ = {
			isa = PBXGroup;
			children = (
				82D992432BD21A9B001F4405 /* MemoProjectSwift.app */,
				82D9925C2BD21A9C001F4405 /* MemoProjectSwiftTests.xctest */,
				82D992662BD21A9C001F4405 /* MemoProjectSwiftUITests.xctest */,
			);
			name = Products;
			sourceTree = "<group>";
		};
		82D992452BD21A9B001F4405 /* MemoProjectSwift */ = {
			isa = PBXGroup;
			children = (
				82D992462BD21A9B001F4405 /* AppDelegate.swift */,
				82D992482BD21A9B001F4405 /* SceneDelegate.swift */,
				82D9924A2BD21A9B001F4405 /* ViewController.swift */,
				82D9924C2BD21A9B001F4405 /* Main.storyboard */,
				820ED6F92BD4D52C00BAE57A /* MemoViewController.swift */,
				829837C42BD60E0C0019D586 /* DateViewController.swift */,
				820ED6FB2BD4D57C00BAE57A /* SettingsViewController.swift */,
				820ED6F52BD4C65500BAE57A /* MemoTableViewController.swift */,
				82D992522BD21A9C001F4405 /* Assets.xcassets */,
				82D992542BD21A9C001F4405 /* LaunchScreen.storyboard */,
				82D992572BD21A9C001F4405 /* Info.plist */,
				82D9924F2BD21A9B001F4405 /* MemoProjectSwift.xcdatamodeld */,
			);
			path = MemoProjectSwift;
			sourceTree = "<group>";
		};
		82D9925F2BD21A9C001F4405 /* MemoProjectSwiftTests */ = {
			isa = PBXGroup;
			children = (
				82D992602BD21A9C001F4405 /* MemoProjectSwiftTests.swift */,
			);
			path = MemoProjectSwiftTests;
			sourceTree = "<group>";
		};
		82D992692BD21A9C001F4405 /* MemoProjectSwiftUITests */ = {
			isa = PBXGroup;
			children = (
				82D9926A2BD21A9C001F4405 /* MemoProjectSwiftUITests.swift */,
				82D9926C2BD21A9C001F4405 /* MemoProjectSwiftUITestsLaunchTests.swift */,
			);
			path = MemoProjectSwiftUITests;
			sourceTree = "<group>";
		};
/* End PBXGroup section */

/* Begin PBXNativeTarget section */
		82D992422BD21A9B001F4405 /* MemoProjectSwift */ = {
			isa = PBXNativeTarget;
			buildConfigurationList = 82D992702BD21A9C001F4405 /* Build configuration list for PBXNativeTarget "MemoProjectSwift" */;
			buildPhases = (
				82D9923F2BD21A9B001F4405 /* Sources */,
				82D992402BD21A9B001F4405 /* Frameworks */,
				82D992412BD21A9B001F4405 /* Resources */,
			);
			buildRules = (
			);
			dependencies = (
			);
			name = MemoProjectSwift;
			productName = MemoProjectSwift;
			productReference = 82D992432BD21A9B001F4405 /* MemoProjectSwift.app */;
			productType = "com.apple.product-type.application";
		};
		82D9925B2BD21A9C001F4405 /* MemoProjectSwiftTests */ = {
			isa = PBXNativeTarget;
			buildConfigurationList = 82D992732BD21A9C001F4405 /* Build configuration list for PBXNativeTarget "MemoProjectSwiftTests" */;
			buildPhases = (
				82D992582BD21A9C001F4405 /* Sources */,
				82D992592BD21A9C001F4405 /* Frameworks */,
				82D9925A2BD21A9C001F4405 /* Resources */,
			);
			buildRules = (
			);
			dependencies = (
				82D9925E2BD21A9C001F4405 /* PBXTargetDependency */,
			);
			name = MemoProjectSwiftTests;
			productName = MemoProjectSwiftTests;
			productReference = 82D9925C2BD21A9C001F4405 /* MemoProjectSwiftTests.xctest */;
			productType = "com.apple.product-type.bundle.unit-test";
		};
		82D992652BD21A9C001F4405 /* MemoProjectSwiftUITests */ = {
			isa = PBXNativeTarget;
			buildConfigurationList = 82D992762BD21A9C001F4405 /* Build configuration list for PBXNativeTarget "MemoProjectSwiftUITests" */;
			buildPhases = (
				82D992622BD21A9C001F4405 /* Sources */,
				82D992632BD21A9C001F4405 /* Frameworks */,
				82D992642BD21A9C001F4405 /* Resources */,
			);
			buildRules = (
			);
			dependencies = (
				82D992682BD21A9C001F4405 /* PBXTargetDependency */,
			);
			name = MemoProjectSwiftUITests;
			productName = MemoProjectSwiftUITests;
			productReference = 82D992662BD21A9C001F4405 /* MemoProjectSwiftUITests.xctest */;
			productType = "com.apple.product-type.bundle.ui-testing";
		};
/* End PBXNativeTarget section */

/* Begin PBXProject section */
		82D9923B2BD21A9B001F4405 /* Project object */ = {
			isa = PBXProject;
			attributes = {
				BuildIndependentTargetsInParallel = 1;
				LastSwiftUpdateCheck = 1520;
				LastUpgradeCheck = 1520;
				TargetAttributes = {
					82D992422BD21A9B001F4405 = {
						CreatedOnToolsVersion = 15.2;
					};
					82D9925B2BD21A9C001F4405 = {
						CreatedOnToolsVersion = 15.2;
						TestTargetID = 82D992422BD21A9B001F4405;
					};
					82D992652BD21A9C001F4405 = {
						CreatedOnToolsVersion = 15.2;
						TestTargetID = 82D992422BD21A9B001F4405;
					};
				};
			};
			buildConfigurationList = 82D9923E2BD21A9B001F4405 /* Build configuration list for PBXProject "MemoProjectSwift" */;
			compatibilityVersion = "Xcode 14.0";
			developmentRegion = en;
			hasScannedForEncodings = 0;
			knownRegions = (
				en,
				Base,
			);
			mainGroup = 82D9923A2BD21A9B001F4405;
			productRefGroup = 82D992442BD21A9B001F4405 /* Products */;
			projectDirPath = "";
			projectRoot = "";
			targets = (
				82D992422BD21A9B001F4405 /* MemoProjectSwift */,
				82D9925B2BD21A9C001F4405 /* MemoProjectSwiftTests */,
				82D992652BD21A9C001F4405 /* MemoProjectSwiftUITests */,
			);
		};
/* End PBXProject section */

/* Begin PBXResourcesBuildPhase section */
		82D992412BD21A9B001F4405 /* Resources */ = {
			isa = PBXResourcesBuildPhase;
			buildActionMask = 2147483647;
			files = (
				82D992562BD21A9C001F4405 /* LaunchScreen.storyboard in Resources */,
				82D992532BD21A9C001F4405 /* Assets.xcassets in Resources */,
				82D9924E2BD21A9B001F4405 /* Main.storyboard in Resources */,
			);
			runOnlyForDeploymentPostprocessing = 0;
		};
		82D9925A2BD21A9C001F4405 /* Resources */ = {
			isa = PBXResourcesBuildPhase;
			buildActionMask = 2147483647;
			files = (
			);
			runOnlyForDeploymentPostprocessing = 0;
		};
		82D992642BD21A9C001F4405 /* Resources */ = {
			isa = PBXResourcesBuildPhase;
			buildActionMask = 2147483647;
			files = (
			);
			runOnlyForDeploymentPostprocessing = 0;
		};
/* End PBXResourcesBuildPhase section */

/* Begin PBXSourcesBuildPhase section */
		82D9923F2BD21A9B001F4405 /* Sources */ = {
			isa = PBXSourcesBuildPhase;
			buildActionMask = 2147483647;
			files = (
				829837C52BD60E0C0019D586 /* DateViewController.swift in Sources */,
				820ED6F62BD4C65500BAE57A /* MemoTableViewController.swift in Sources */,
				82D9924B2BD21A9B001F4405 /* ViewController.swift in Sources */,
				82D992472BD21A9B001F4405 /* AppDelegate.swift in Sources */,
				82D992492BD21A9B001F4405 /* SceneDelegate.swift in Sources */,
				820ED6FA2BD4D52C00BAE57A /* MemoViewController.swift in Sources */,
				82D992512BD21A9B001F4405 /* MemoProjectSwift.xcdatamodeld in Sources */,
				820ED6FC2BD4D57C00BAE57A /* SettingsViewController.swift in Sources */,
			);
			runOnlyForDeploymentPostprocessing = 0;
		};
		82D992582BD21A9C001F4405 /* Sources */ = {
			isa = PBXSourcesBuildPhase;
			buildActionMask = 2147483647;
			files = (
				82D992612BD21A9C001F4405 /* MemoProjectSwiftTests.swift in Sources */,
			);
			runOnlyForDeploymentPostprocessing = 0;
		};
		82D992622BD21A9C001F4405 /* Sources */ = {
			isa = PBXSourcesBuildPhase;
			buildActionMask = 2147483647;
			files = (
				82D9926D2BD21A9C001F4405 /* MemoProjectSwiftUITestsLaunchTests.swift in Sources */,
				82D9926B2BD21A9C001F4405 /* MemoProjectSwiftUITests.swift in Sources */,
			);
			runOnlyForDeploymentPostprocessing = 0;
		};
/* End PBXSourcesBuildPhase section */

/* Begin PBXTargetDependency section */
		82D9925E2BD21A9C001F4405 /* PBXTargetDependency */ = {
			isa = PBXTargetDependency;
			target = 82D992422BD21A9B001F4405 /* MemoProjectSwift */;
			targetProxy = 82D9925D2BD21A9C001F4405 /* PBXContainerItemProxy */;
		};
		82D992682BD21A9C001F4405 /* PBXTargetDependency */ = {
			isa = PBXTargetDependency;
			target = 82D992422BD21A9B001F4405 /* MemoProjectSwift */;
			targetProxy = 82D992672BD21A9C001F4405 /* PBXContainerItemProxy */;
		};
/* End PBXTargetDependency section */

/* Begin PBXVariantGroup section */
		82D9924C2BD21A9B001F4405 /* Main.storyboard */ = {
			isa = PBXVariantGroup;
			children = (
				82D9924D2BD21A9B001F4405 /* Base */,
			);
			name = Main.storyboard;
			sourceTree = "<group>";
		};
		82D992542BD21A9C001F4405 /* LaunchScreen.storyboard */ = {
			isa = PBXVariantGroup;
			children = (
				82D992552BD21A9C001F4405 /* Base */,
			);
			name = LaunchScreen.storyboard;
			sourceTree = "<group>";
		};
/* End PBXVariantGroup section */

/* Begin XCBuildConfiguration section */
		82D9926E2BD21A9C001F4405 /* Debug */ = {
			isa = XCBuildConfiguration;
			buildSettings = {
				ALWAYS_SEARCH_USER_PATHS = NO;
				ASSETCATALOG_COMPILER_GENERATE_SWIFT_ASSET_SYMBOL_EXTENSIONS = YES;
				CLANG_ANALYZER_NONNULL = YES;
				CLANG_ANALYZER_NUMBER_OBJECT_CONVERSION = YES_AGGRESSIVE;
				CLANG_CXX_LANGUAGE_STANDARD = "gnu++20";
				CLANG_ENABLE_MODULES = YES;
				CLANG_ENABLE_OBJC_ARC = YES;
				CLANG_ENABLE_OBJC_WEAK = YES;
				CLANG_WARN_BLOCK_CAPTURE_AUTORELEASING = YES;
				CLANG_WARN_BOOL_CONVERSION = YES;
				CLANG_WARN_COMMA = YES;
				CLANG_WARN_CONSTANT_CONVERSION = YES;
				CLANG_WARN_DEPRECATED_OBJC_IMPLEMENTATIONS = YES;
				CLANG_WARN_DIRECT_OBJC_ISA_USAGE = YES_ERROR;
				CLANG_WARN_DOCUMENTATION_COMMENTS = YES;
				CLANG_WARN_EMPTY_BODY = YES;
				CLANG_WARN_ENUM_CONVERSION = YES;
				CLANG_WARN_INFINITE_RECURSION = YES;
				CLANG_WARN_INT_CONVERSION = YES;
				CLANG_WARN_NON_LITERAL_NULL_CONVERSION = YES;
				CLANG_WARN_OBJC_IMPLICIT_RETAIN_SELF = YES;
				CLANG_WARN_OBJC_LITERAL_CONVERSION = YES;
				CLANG_WARN_OBJC_ROOT_CLASS = YES_ERROR;
				CLANG_WARN_QUOTED_INCLUDE_IN_FRAMEWORK_HEADER = YES;
				CLANG_WARN_RANGE_LOOP_ANALYSIS = YES;
				CLANG_WARN_STRICT_PROTOTYPES = YES;
				CLANG_WARN_SUSPICIOUS_MOVE = YES;
				CLANG_WARN_UNGUARDED_AVAILABILITY = YES_AGGRESSIVE;
				CLANG_WARN_UNREACHABLE_CODE = YES;
				CLANG_WARN__DUPLICATE_METHOD_MATCH = YES;
				COPY_PHASE_STRIP = NO;
				DEBUG_INFORMATION_FORMAT = dwarf;
				ENABLE_STRICT_OBJC_MSGSEND = YES;
				ENABLE_TESTABILITY = YES;
				ENABLE_USER_SCRIPT_SANDBOXING = YES;
				GCC_C_LANGUAGE_STANDARD = gnu17;
				GCC_DYNAMIC_NO_PIC = NO;
				GCC_NO_COMMON_BLOCKS = YES;
				GCC_OPTIMIZATION_LEVEL = 0;
				GCC_PREPROCESSOR_DEFINITIONS = (
					"DEBUG=1",
					"$(inherited)",
				);
				GCC_WARN_64_TO_32_BIT_CONVERSION = YES;
				GCC_WARN_ABOUT_RETURN_TYPE = YES_ERROR;
				GCC_WARN_UNDECLARED_SELECTOR = YES;
				GCC_WARN_UNINITIALIZED_AUTOS = YES_AGGRESSIVE;
				GCC_WARN_UNUSED_FUNCTION = YES;
				GCC_WARN_UNUSED_VARIABLE = YES;
				IPHONEOS_DEPLOYMENT_TARGET = 17.2;
				LOCALIZATION_PREFERS_STRING_CATALOGS = YES;
				MTL_ENABLE_DEBUG_INFO = INCLUDE_SOURCE;
				MTL_FAST_MATH = YES;
				ONLY_ACTIVE_ARCH = YES;
				SDKROOT = iphoneos;
				SWIFT_ACTIVE_COMPILATION_CONDITIONS = "DEBUG $(inherited)";
				SWIFT_OPTIMIZATION_LEVEL = "-Onone";
			};
			name = Debug;
		};
		82D9926F2BD21A9C001F4405 /* Release */ = {
			isa = XCBuildConfiguration;
			buildSettings = {
				ALWAYS_SEARCH_USER_PATHS = NO;
				ASSETCATALOG_COMPILER_GENERATE_SWIFT_ASSET_SYMBOL_EXTENSIONS = YES;
				CLANG_ANALYZER_NONNULL = YES;
				CLANG_ANALYZER_NUMBER_OBJECT_CONVERSION = YES_AGGRESSIVE;
				CLANG_CXX_LANGUAGE_STANDARD = "gnu++20";
				CLANG_ENABLE_MODULES = YES;
				CLANG_ENABLE_OBJC_ARC = YES;
				CLANG_ENABLE_OBJC_WEAK = YES;
				CLANG_WARN_BLOCK_CAPTURE_AUTORELEASING = YES;
				CLANG_WARN_BOOL_CONVERSION = YES;
				CLANG_WARN_COMMA = YES;
				CLANG_WARN_CONSTANT_CONVERSION = YES;
				CLANG_WARN_DEPRECATED_OBJC_IMPLEMENTATIONS = YES;
				CLANG_WARN_DIRECT_OBJC_ISA_USAGE = YES_ERROR;
				CLANG_WARN_DOCUMENTATION_COMMENTS = YES;
				CLANG_WARN_EMPTY_BODY = YES;
				CLANG_WARN_ENUM_CONVERSION = YES;
				CLANG_WARN_INFINITE_RECURSION = YES;
				CLANG_WARN_INT_CONVERSION = YES;
				CLANG_WARN_NON_LITERAL_NULL_CONVERSION = YES;
				CLANG_WARN_OBJC_IMPLICIT_RETAIN_SELF = YES;
				CLANG_WARN_OBJC_LITERAL_CONVERSION = YES;
				CLANG_WARN_OBJC_ROOT_CLASS = YES_ERROR;
				CLANG_WARN_QUOTED_INCLUDE_IN_FRAMEWORK_HEADER = YES;
				CLANG_WARN_RANGE_LOOP_ANALYSIS = YES;
				CLANG_WARN_STRICT_PROTOTYPES = YES;
				CLANG_WARN_SUSPICIOUS_MOVE = YES;
				CLANG_WARN_UNGUARDED_AVAILABILITY = YES_AGGRESSIVE;
				CLANG_WARN_UNREACHABLE_CODE = YES;
				CLANG_WARN__DUPLICATE_METHOD_MATCH = YES;
				COPY_PHASE_STRIP = NO;
				DEBUG_INFORMATION_FORMAT = "dwarf-with-dsym";
				ENABLE_NS_ASSERTIONS = NO;
				ENABLE_STRICT_OBJC_MSGSEND = YES;
				ENABLE_USER_SCRIPT_SANDBOXING = YES;
				GCC_C_LANGUAGE_STANDARD = gnu17;
				GCC_NO_COMMON_BLOCKS = YES;
				GCC_WARN_64_TO_32_BIT_CONVERSION = YES;
				GCC_WARN_ABOUT_RETURN_TYPE = YES_ERROR;
				GCC_WARN_UNDECLARED_SELECTOR = YES;
				GCC_WARN_UNINITIALIZED_AUTOS = YES_AGGRESSIVE;
				GCC_WARN_UNUSED_FUNCTION = YES;
				GCC_WARN_UNUSED_VARIABLE = YES;
				IPHONEOS_DEPLOYMENT_TARGET = 17.2;
				LOCALIZATION_PREFERS_STRING_CATALOGS = YES;
				MTL_ENABLE_DEBUG_INFO = NO;
				MTL_FAST_MATH = YES;
				SDKROOT = iphoneos;
				SWIFT_COMPILATION_MODE = wholemodule;
				VALIDATE_PRODUCT = YES;
			};
			name = Release;
		};
		82D992712BD21A9C001F4405 /* Debug */ = {
			isa = XCBuildConfiguration;
			buildSettings = {
				ASSETCATALOG_COMPILER_APPICON_NAME = AppIcon;
				ASSETCATALOG_COMPILER_GLOBAL_ACCENT_COLOR_NAME = AccentColor;
				CODE_SIGN_STYLE = Automatic;
				CURRENT_PROJECT_VERSION = 1;
				DEVELOPMENT_TEAM = B9FQ922BCB;
				GENERATE_INFOPLIST_FILE = YES;
				INFOPLIST_FILE = MemoProjectSwift/Info.plist;
				INFOPLIST_KEY_UIApplicationSupportsIndirectInputEvents = YES;
				INFOPLIST_KEY_UILaunchStoryboardName = LaunchScreen;
				INFOPLIST_KEY_UIMainStoryboardFile = Main;
				INFOPLIST_KEY_UISupportedInterfaceOrientations_iPad = "UIInterfaceOrientationPortrait UIInterfaceOrientationPortraitUpsideDown UIInterfaceOrientationLandscapeLeft UIInterfaceOrientationLandscapeRight";
				INFOPLIST_KEY_UISupportedInterfaceOrientations_iPhone = "UIInterfaceOrientationPortrait UIInterfaceOrientationLandscapeLeft UIInterfaceOrientationLandscapeRight";
				LD_RUNPATH_SEARCH_PATHS = (
					"$(inherited)",
					"@executable_path/Frameworks",
				);
				MARKETING_VERSION = 1.0;
				PRODUCT_BUNDLE_IDENTIFIER = LexiFrancis.MemoProjectSwift;
				PRODUCT_NAME = "$(TARGET_NAME)";
				SWIFT_EMIT_LOC_STRINGS = YES;
				SWIFT_VERSION = 5.0;
				TARGETED_DEVICE_FAMILY = "1,2";
			};
			name = Debug;
		};
		82D992722BD21A9C001F4405 /* Release */ = {
			isa = XCBuildConfiguration;
			buildSettings = {
				ASSETCATALOG_COMPILER_APPICON_NAME = AppIcon;
				ASSETCATALOG_COMPILER_GLOBAL_ACCENT_COLOR_NAME = AccentColor;
				CODE_SIGN_STYLE = Automatic;
				CURRENT_PROJECT_VERSION = 1;
				DEVELOPMENT_TEAM = B9FQ922BCB;
				GENERATE_INFOPLIST_FILE = YES;
				INFOPLIST_FILE = MemoProjectSwift/Info.plist;
				INFOPLIST_KEY_UIApplicationSupportsIndirectInputEvents = YES;
				INFOPLIST_KEY_UILaunchStoryboardName = LaunchScreen;
				INFOPLIST_KEY_UIMainStoryboardFile = Main;
				INFOPLIST_KEY_UISupportedInterfaceOrientations_iPad = "UIInterfaceOrientationPortrait UIInterfaceOrientationPortraitUpsideDown UIInterfaceOrientationLandscapeLeft UIInterfaceOrientationLandscapeRight";
				INFOPLIST_KEY_UISupportedInterfaceOrientations_iPhone = "UIInterfaceOrientationPortrait UIInterfaceOrientationLandscapeLeft UIInterfaceOrientationLandscapeRight";
				LD_RUNPATH_SEARCH_PATHS = (
					"$(inherited)",
					"@executable_path/Frameworks",
				);
				MARKETING_VERSION = 1.0;
				PRODUCT_BUNDLE_IDENTIFIER = LexiFrancis.MemoProjectSwift;
				PRODUCT_NAME = "$(TARGET_NAME)";
				SWIFT_EMIT_LOC_STRINGS = YES;
				SWIFT_VERSION = 5.0;
				TARGETED_DEVICE_FAMILY = "1,2";
			};
			name = Release;
		};
		82D992742BD21A9C001F4405 /* Debug */ = {
			isa = XCBuildConfiguration;
			buildSettings = {
				ALWAYS_EMBED_SWIFT_STANDARD_LIBRARIES = YES;
				BUNDLE_LOADER = "$(TEST_HOST)";
				CODE_SIGN_STYLE = Automatic;
				CURRENT_PROJECT_VERSION = 1;
				DEVELOPMENT_TEAM = B9FQ922BCB;
				GENERATE_INFOPLIST_FILE = YES;
				IPHONEOS_DEPLOYMENT_TARGET = 17.2;
				MARKETING_VERSION = 1.0;
				PRODUCT_BUNDLE_IDENTIFIER = LexiFrancis.MemoProjectSwiftTests;
				PRODUCT_NAME = "$(TARGET_NAME)";
				SWIFT_EMIT_LOC_STRINGS = NO;
				SWIFT_VERSION = 5.0;
				TARGETED_DEVICE_FAMILY = "1,2";
				TEST_HOST = "$(BUILT_PRODUCTS_DIR)/MemoProjectSwift.app/$(BUNDLE_EXECUTABLE_FOLDER_PATH)/MemoProjectSwift";
			};
			name = Debug;
		};
		82D992752BD21A9C001F4405 /* Release */ = {
			isa = XCBuildConfiguration;
			buildSettings = {
				ALWAYS_EMBED_SWIFT_STANDARD_LIBRARIES = YES;
				BUNDLE_LOADER = "$(TEST_HOST)";
				CODE_SIGN_STYLE = Automatic;
				CURRENT_PROJECT_VERSION = 1;
				DEVELOPMENT_TEAM = B9FQ922BCB;
				GENERATE_INFOPLIST_FILE = YES;
				IPHONEOS_DEPLOYMENT_TARGET = 17.2;
				MARKETING_VERSION = 1.0;
				PRODUCT_BUNDLE_IDENTIFIER = LexiFrancis.MemoProjectSwiftTests;
				PRODUCT_NAME = "$(TARGET_NAME)";
				SWIFT_EMIT_LOC_STRINGS = NO;
				SWIFT_VERSION = 5.0;
				TARGETED_DEVICE_FAMILY = "1,2";
				TEST_HOST = "$(BUILT_PRODUCTS_DIR)/MemoProjectSwift.app/$(BUNDLE_EXECUTABLE_FOLDER_PATH)/MemoProjectSwift";
			};
			name = Release;
		};
		82D992772BD21A9C001F4405 /* Debug */ = {
			isa = XCBuildConfiguration;
			buildSettings = {
				ALWAYS_EMBED_SWIFT_STANDARD_LIBRARIES = YES;
				CODE_SIGN_STYLE = Automatic;
				CURRENT_PROJECT_VERSION = 1;
				DEVELOPMENT_TEAM = B9FQ922BCB;
				GENERATE_INFOPLIST_FILE = YES;
				MARKETING_VERSION = 1.0;
				PRODUCT_BUNDLE_IDENTIFIER = LexiFrancis.MemoProjectSwiftUITests;
				PRODUCT_NAME = "$(TARGET_NAME)";
				SWIFT_EMIT_LOC_STRINGS = NO;
				SWIFT_VERSION = 5.0;
				TARGETED_DEVICE_FAMILY = "1,2";
				TEST_TARGET_NAME = MemoProjectSwift;
			};
			name = Debug;
		};
		82D992782BD21A9C001F4405 /* Release */ = {
			isa = XCBuildConfiguration;
			buildSettings = {
				ALWAYS_EMBED_SWIFT_STANDARD_LIBRARIES = YES;
				CODE_SIGN_STYLE = Automatic;
				CURRENT_PROJECT_VERSION = 1;
				DEVELOPMENT_TEAM = B9FQ922BCB;
				GENERATE_INFOPLIST_FILE = YES;
				MARKETING_VERSION = 1.0;
				PRODUCT_BUNDLE_IDENTIFIER = LexiFrancis.MemoProjectSwiftUITests;
				PRODUCT_NAME = "$(TARGET_NAME)";
				SWIFT_EMIT_LOC_STRINGS = NO;
				SWIFT_VERSION = 5.0;
				TARGETED_DEVICE_FAMILY = "1,2";
				TEST_TARGET_NAME = MemoProjectSwift;
			};
			name = Release;
		};
/* End XCBuildConfiguration section */

/* Begin XCConfigurationList section */
		82D9923E2BD21A9B001F4405 /* Build configuration list for PBXProject "MemoProjectSwift" */ = {
			isa = XCConfigurationList;
			buildConfigurations = (
				82D9926E2BD21A9C001F4405 /* Debug */,
				82D9926F2BD21A9C001F4405 /* Release */,
			);
			defaultConfigurationIsVisible = 0;
			defaultConfigurationName = Release;
		};
		82D992702BD21A9C001F4405 /* Build configuration list for PBXNativeTarget "MemoProjectSwift" */ = {
			isa = XCConfigurationList;
			buildConfigurations = (
				82D992712BD21A9C001F4405 /* Debug */,
				82D992722BD21A9C001F4405 /* Release */,
			);
			defaultConfigurationIsVisible = 0;
			defaultConfigurationName = Release;
		};
		82D992732BD21A9C001F4405 /* Build configuration list for PBXNativeTarget "MemoProjectSwiftTests" */ = {
			isa = XCConfigurationList;
			buildConfigurations = (
				82D992742BD21A9C001F4405 /* Debug */,
				82D992752BD21A9C001F4405 /* Release */,
			);
			defaultConfigurationIsVisible = 0;
			defaultConfigurationName = Release;
		};
		82D992762BD21A9C001F4405 /* Build configuration list for PBXNativeTarget "MemoProjectSwiftUITests" */ = {
			isa = XCConfigurationList;
			buildConfigurations = (
				82D992772BD21A9C001F4405 /* Debug */,
				82D992782BD21A9C001F4405 /* Release */,
			);
			defaultConfigurationIsVisible = 0;
			defaultConfigurationName = Release;
		};
/* End XCConfigurationList section */

/* Begin XCVersionGroup section */
		82D9924F2BD21A9B001F4405 /* MemoProjectSwift.xcdatamodeld */ = {
			isa = XCVersionGroup;
			children = (
				82D992502BD21A9B001F4405 /* MemoProjectSwift.xcdatamodel */,
			);
			currentVersion = 82D992502BD21A9B001F4405 /* MemoProjectSwift.xcdatamodel */;
			path = MemoProjectSwift.xcdatamodeld;
			sourceTree = "<group>";
			versionGroupType = wrapper.xcdatamodel;
		};
/* End XCVersionGroup section */
	};
	rootObject = 82D9923B2BD21A9B001F4405 /* Project object */;
}
